
Microsoft Visual Studio Solution File, Format Version 12.00
# Visual Studio Version 16
VisualStudioVersion = 16.6.30114.105
MinimumVisualStudioVersion = 10.0.40219.1
Project("{FAE04EC0-301F-11D3-BF4B-00C04F79EFBC}") = "Persistence", "Persistence\Persistence.csproj", "{1140F48E-241F-447F-8826-CE88A6E5B083}"
EndProject
Project("{FAE04EC0-301F-11D3-BF4B-00C04F79EFBC}") = "DAL", "DAL\DAL.csproj", "{6EA9AC22-6B2F-44B3-B151-80281233B12A}"
EndProject
Project("{FAE04EC0-301F-11D3-BF4B-00C04F79EFBC}") = "BL", "BL\BL.csproj", "{2D9EBAC9-73E6-45FE-ADFB-6B74844CBB99}"
EndProject
Project("{FAE04EC0-301F-11D3-BF4B-00C04F79EFBC}") = "ConsoleAppPL", "ConsoleAppPL\ConsoleAppPL.csproj", "{28EC3217-82D3-41E2-845F-87D23DBD186E}"
EndProject
Project("{FAE04EC0-301F-11D3-BF4B-00C04F79EFBC}") = "DALTest", "DALTest\DALTest.csproj", "{C03D6442-30EA-454F-8E2B-CCCA8DE07B3A}"
EndProject
Global
	GlobalSection(SolutionConfigurationPlatforms) = preSolution
		Debug|Any CPU = Debug|Any CPU
		Debug|x64 = Debug|x64
		Debug|x86 = Debug|x86
		Release|Any CPU = Release|Any CPU
		Release|x64 = Release|x64
		Release|x86 = Release|x86
	EndGlobalSection
	GlobalSection(SolutionProperties) = preSolution
		HideSolutionNode = FALSE
	EndGlobalSection
	GlobalSection(ProjectConfigurationPlatforms) = postSolution
		{1140F48E-241F-447F-8826-CE88A6E5B083}.Debug|Any CPU.ActiveCfg = Debug|Any CPU
		{1140F48E-241F-447F-8826-CE88A6E5B083}.Debug|Any CPU.Build.0 = Debug|Any CPU
		{1140F48E-241F-447F-8826-CE88A6E5B083}.Debug|x64.ActiveCfg = Debug|Any CPU
		{1140F48E-241F-447F-8826-CE88A6E5B083}.Debug|x64.Build.0 = Debug|Any CPU
		{1140F48E-241F-447F-8826-CE88A6E5B083}.Debug|x86.ActiveCfg = Debug|Any CPU
		{1140F48E-241F-447F-8826-CE88A6E5B083}.Debug|x86.Build.0 = Debug|Any CPU
		{1140F48E-241F-447F-8826-CE88A6E5B083}.Release|Any CPU.ActiveCfg = Release|Any CPU
		{1140F48E-241F-447F-8826-CE88A6E5B083}.Release|Any CPU.Build.0 = Release|Any CPU
		{1140F48E-241F-447F-8826-CE88A6E5B083}.Release|x64.ActiveCfg = Release|Any CPU
		{1140F48E-241F-447F-8826-CE88A6E5B083}.Release|x64.Build.0 = Release|Any CPU
		{1140F48E-241F-447F-8826-CE88A6E5B083}.Release|x86.ActiveCfg = Release|Any CPU
		{1140F48E-241F-447F-8826-CE88A6E5B083}.Release|x86.Build.0 = Release|Any CPU
		{6EA9AC22-6B2F-44B3-B151-80281233B12A}.Debug|Any CPU.ActiveCfg = Debug|Any CPU
		{6EA9AC22-6B2F-44B3-B151-80281233B12A}.Debug|Any CPU.Build.0 = Debug|Any CPU
		{6EA9AC22-6B2F-44B3-B151-80281233B12A}.Debug|x64.ActiveCfg = Debug|Any CPU
		{6EA9AC22-6B2F-44B3-B151-80281233B12A}.Debug|x64.Build.0 = Debug|Any CPU
		{6EA9AC22-6B2F-44B3-B151-80281233B12A}.Debug|x86.ActiveCfg = Debug|Any CPU
		{6EA9AC22-6B2F-44B3-B151-80281233B12A}.Debug|x86.Build.0 = Debug|Any CPU
		{6EA9AC22-6B2F-44B3-B151-80281233B12A}.Release|Any CPU.ActiveCfg = Release|Any CPU
		{6EA9AC22-6B2F-44B3-B151-80281233B12A}.Release|Any CPU.Build.0 = Release|Any CPU
		{6EA9AC22-6B2F-44B3-B151-80281233B12A}.Release|x64.ActiveCfg = Release|Any CPU
		{6EA9AC22-6B2F-44B3-B151-80281233B12A}.Release|x64.Build.0 = Release|Any CPU
		{6EA9AC22-6B2F-44B3-B151-80281233B12A}.Release|x86.ActiveCfg = Release|Any CPU
		{6EA9AC22-6B2F-44B3-B151-80281233B12A}.Release|x86.Build.0 = Release|Any CPU
		{2D9EBAC9-73E6-45FE-ADFB-6B74844CBB99}.Debug|Any CPU.ActiveCfg = Debug|Any CPU
		{2D9EBAC9-73E6-45FE-ADFB-6B74844CBB99}.Debug|Any CPU.Build.0 = Debug|Any CPU
		{2D9EBAC9-73E6-45FE-ADFB-6B74844CBB99}.Debug|x64.ActiveCfg = Debug|Any CPU
		{2D9EBAC9-73E6-45FE-ADFB-6B74844CBB99}.Debug|x64.Build.0 = Debug|Any CPU
		{2D9EBAC9-73E6-45FE-ADFB-6B74844CBB99}.Debug|x86.ActiveCfg = Debug|Any CPU
		{2D9EBAC9-73E6-45FE-ADFB-6B74844CBB99}.Debug|x86.Build.0 = Debug|Any CPU
		{2D9EBAC9-73E6-45FE-ADFB-6B74844CBB99}.Release|Any CPU.ActiveCfg = Release|Any CPU
		{2D9EBAC9-73E6-45FE-ADFB-6B74844CBB99}.Release|Any CPU.Build.0 = Release|Any CPU
		{2D9EBAC9-73E6-45FE-ADFB-6B74844CBB99}.Release|x64.ActiveCfg = Release|Any CPU
		{2D9EBAC9-73E6-45FE-ADFB-6B74844CBB99}.Release|x64.Build.0 = Release|Any CPU
		{2D9EBAC9-73E6-45FE-ADFB-6B74844CBB99}.Release|x86.ActiveCfg = Release|Any CPU
		{2D9EBAC9-73E6-45FE-ADFB-6B74844CBB99}.Release|x86.Build.0 = Release|Any CPU
		{28EC3217-82D3-41E2-845F-87D23DBD186E}.Debug|Any CPU.ActiveCfg = Debug|Any CPU
		{28EC3217-82D3-41E2-845F-87D23DBD186E}.Debug|Any CPU.Build.0 = Debug|Any CPU
		{28EC3217-82D3-41E2-845F-87D23DBD186E}.Debug|x64.ActiveCfg = Debug|Any CPU
		{28EC3217-82D3-41E2-845F-87D23DBD186E}.Debug|x64.Build.0 = Debug|Any CPU
		{28EC3217-82D3-41E2-845F-87D23DBD186E}.Debug|x86.ActiveCfg = Debug|Any CPU
		{28EC3217-82D3-41E2-845F-87D23DBD186E}.Debug|x86.Build.0 = Debug|Any CPU
		{28EC3217-82D3-41E2-845F-87D23DBD186E}.Release|Any CPU.ActiveCfg = Release|Any CPU
		{28EC3217-82D3-41E2-845F-87D23DBD186E}.Release|Any CPU.Build.0 = Release|Any CPU
		{28EC3217-82D3-41E2-845F-87D23DBD186E}.Release|x64.ActiveCfg = Release|Any CPU
		{28EC3217-82D3-41E2-845F-87D23DBD186E}.Release|x64.Build.0 = Release|Any CPU
		{28EC3217-82D3-41E2-845F-87D23DBD186E}.Release|x86.ActiveCfg = Release|Any CPU
		{28EC3217-82D3-41E2-845F-87D23DBD186E}.Release|x86.Build.0 = Release|Any CPU
		{C03D6442-30EA-454F-8E2B-CCCA8DE07B3A}.Debug|Any CPU.ActiveCfg = Debug|Any CPU
		{C03D6442-30EA-454F-8E2B-CCCA8DE07B3A}.Debug|Any CPU.Build.0 = Debug|Any CPU
		{C03D6442-30EA-454F-8E2B-CCCA8DE07B3A}.Debug|x64.ActiveCfg = Debug|Any CPU
		{C03D6442-30EA-454F-8E2B-CCCA8DE07B3A}.Debug|x64.Build.0 = Debug|Any CPU
		{C03D6442-30EA-454F-8E2B-CCCA8DE07B3A}.Debug|x86.ActiveCfg = Debug|Any CPU
		{C03D6442-30EA-454F-8E2B-CCCA8DE07B3A}.Debug|x86.Build.0 = Debug|Any CPU
		{C03D6442-30EA-454F-8E2B-CCCA8DE07B3A}.Release|Any CPU.ActiveCfg = Release|Any CPU
		{C03D6442-30EA-454F-8E2B-CCCA8DE07B3A}.Release|Any CPU.Build.0 = Release|Any CPU
		{C03D6442-30EA-454F-8E2B-CCCA8DE07B3A}.Release|x64.ActiveCfg = Release|Any CPU
		{C03D6442-30EA-454F-8E2B-CCCA8DE07B3A}.Release|x64.Build.0 = Release|Any CPU
		{C03D6442-30EA-454F-8E2B-CCCA8DE07B3A}.Release|x86.ActiveCfg = Release|Any CPU
		{C03D6442-30EA-454F-8E2B-CCCA8DE07B3A}.Release|x86.Build.0 = Release|Any CPU
	EndGlobalSection
EndGlobal
